<?xml version="1.0" encoding="utf-8"?>
<Project ToolsVersion="4.0" xmlns="http://schemas.microsoft.com/developer/msbuild/2003">
  <ItemGroup>
    <ClCompile Include="ContentCore.cpp" />
    <ClCompile Include="IntroLevel.h">
      <Filter>Level</Filter>
    </ClCompile>
    <ClCompile Include="IntroLevel.cpp">
      <Filter>Level</Filter>
    </ClCompile>
    <ClCompile Include="PressAnyKey.h">
      <Filter>Actor\Scene1</Filter>
    </ClCompile>
    <ClCompile Include="PressAnyKey.cpp">
      <Filter>Actor\Scene1</Filter>
    </ClCompile>
    <ClCompile Include="Button.cpp">
      <Filter>Actor\Scene1</Filter>
    </ClCompile>
    <ClCompile Include="MenuLevel.cpp">
      <Filter>Level</Filter>
    </ClCompile>
    <ClCompile Include="imageUI.cpp">
      <Filter>Actor\Scene1</Filter>
    </ClCompile>
    <ClCompile Include="imageUI.h">
      <Filter>Actor\Scene1</Filter>
    </ClCompile>
  </ItemGroup>
  <ItemGroup>
    <None Include="ContentCore.h" />
  </ItemGroup>
  <ItemGroup>
    <Filter Include="Level">
      <UniqueIdentifier>{e4417656-08bc-403e-a283-9495498dcc26}</UniqueIdentifier>
    </Filter>
    <Filter Include="Actor">
      <UniqueIdentifier>{550c2e45-c781-4ab4-8de5-a4736bba4d43}</UniqueIdentifier>
    </Filter>
    <Filter Include="Actor\Scene1">
      <UniqueIdentifier>{ca0365d9-f26f-4604-95aa-a7bc5966aa99}</UniqueIdentifier>
    </Filter>
  </ItemGroup>
  <ItemGroup>
    <ClInclude Include="ContentsEnum.h">
      <Filter>Actor</Filter>
    </ClInclude>
    <ClInclude Include="Button.h">
      <Filter>Actor\Scene1</Filter>
    </ClInclude>
    <ClInclude Include="MenuLevel.h">
      <Filter>Level</Filter>
    </ClInclude>
  </ItemGroup>
</Project>