<?xml version="1.0" encoding="utf-8"?>
<Project ToolsVersion="4.0" xmlns="http://schemas.microsoft.com/developer/msbuild/2003">
  <ItemGroup>
    <ClCompile Include="ContentCore.cpp" />
    <ClCompile Include="IntroLevel.h">
      <Filter>Level</Filter>
    </ClCompile>
    <ClCompile Include="IntroLevel.cpp">
      <Filter>Level</Filter>
    </ClCompile>
    <ClCompile Include="PressAnyKey.h">
      <Filter>Actor\MenuScene</Filter>
    </ClCompile>
    <ClCompile Include="PressAnyKey.cpp">
      <Filter>Actor\MenuScene</Filter>
    </ClCompile>
    <ClCompile Include="MenuLevel.cpp">
      <Filter>Level</Filter>
    </ClCompile>
    <ClCompile Include="PlayLevel.cpp">
      <Filter>Level</Filter>
    </ClCompile>
    <ClCompile Include="BackGround.h">
      <Filter>Actor\PlayScene</Filter>
    </ClCompile>
    <ClCompile Include="BackGround.cpp">
      <Filter>Actor\PlayScene</Filter>
    </ClCompile>
    <ClCompile Include="Player.cpp">
      <Filter>Actor\PlayScene</Filter>
    </ClCompile>
    <ClCompile Include="Player.h">
      <Filter>Actor\PlayScene</Filter>
    </ClCompile>
    <ClCompile Include="Enemy.cpp">
      <Filter>Actor\PlayScene</Filter>
    </ClCompile>
    <ClCompile Include="CharactorSelectUI.h">
      <Filter>Actor\MenuScene</Filter>
    </ClCompile>
    <ClCompile Include="CharactorSelectUI.cpp">
      <Filter>Actor\MenuScene</Filter>
    </ClCompile>
    <ClCompile Include="IntroImage.h">
      <Filter>Actor\MenuScene</Filter>
    </ClCompile>
    <ClCompile Include="IntroImage.cpp">
      <Filter>Actor\MenuScene</Filter>
    </ClCompile>
    <ClCompile Include="Knife.h">
      <Filter>Actor\PlayScene\Weapon</Filter>
    </ClCompile>
    <ClCompile Include="Knife.cpp">
      <Filter>Actor\PlayScene\Weapon</Filter>
    </ClCompile>
    <ClCompile Include="MagicWand.cpp">
      <Filter>Actor\PlayScene\Weapon</Filter>
    </ClCompile>
    <ClCompile Include="PlayActor.cpp">
      <Filter>Actor\PlayScene</Filter>
    </ClCompile>
    <ClCompile Include="MagicWand.h">
      <Filter>Actor\PlayScene\Weapon</Filter>
    </ClCompile>
    <ClCompile Include="Exp.cpp">
      <Filter>Actor\PlayScene\Item</Filter>
    </ClCompile>
    <ClCompile Include="PlayerUI.cpp">
      <Filter>Actor\PlayScene\UI</Filter>
    </ClCompile>
    <ClCompile Include="ItemSelectUI.cpp">
      <Filter>Actor\PlayScene\UI</Filter>
    </ClCompile>
  </ItemGroup>
  <ItemGroup>
    <None Include="ContentCore.h" />
  </ItemGroup>
  <ItemGroup>
    <Filter Include="Level">
      <UniqueIdentifier>{e4417656-08bc-403e-a283-9495498dcc26}</UniqueIdentifier>
    </Filter>
    <Filter Include="Actor">
      <UniqueIdentifier>{550c2e45-c781-4ab4-8de5-a4736bba4d43}</UniqueIdentifier>
    </Filter>
    <Filter Include="Actor\MenuScene">
      <UniqueIdentifier>{ca0365d9-f26f-4604-95aa-a7bc5966aa99}</UniqueIdentifier>
    </Filter>
    <Filter Include="Actor\PlayScene">
      <UniqueIdentifier>{bd976b73-3c66-417e-b000-ab9f1b23b5eb}</UniqueIdentifier>
    </Filter>
    <Filter Include="Actor\PlayScene\Weapon">
      <UniqueIdentifier>{e76c082d-fab7-474c-918f-989da9c27085}</UniqueIdentifier>
    </Filter>
    <Filter Include="Actor\PlayScene\Item">
      <UniqueIdentifier>{33718f09-7788-4d44-9964-023cdee4b7a7}</UniqueIdentifier>
    </Filter>
    <Filter Include="Actor\PlayScene\UI">
      <UniqueIdentifier>{524013c2-034d-45b4-9456-919209e9f0f9}</UniqueIdentifier>
    </Filter>
  </ItemGroup>
  <ItemGroup>
    <ClInclude Include="ContentsEnum.h">
      <Filter>Actor</Filter>
    </ClInclude>
    <ClInclude Include="MenuLevel.h">
      <Filter>Level</Filter>
    </ClInclude>
    <ClInclude Include="PlayLevel.h">
      <Filter>Level</Filter>
    </ClInclude>
    <ClInclude Include="Enemy.h">
      <Filter>Actor\PlayScene</Filter>
    </ClInclude>
    <ClInclude Include="PlayActor.h">
      <Filter>Actor\PlayScene</Filter>
    </ClInclude>
    <ClInclude Include="Exp.h">
      <Filter>Actor\PlayScene\Item</Filter>
    </ClInclude>
    <ClInclude Include="PlayerUI.h">
      <Filter>Actor\PlayScene\UI</Filter>
    </ClInclude>
    <ClInclude Include="ItemSelectUI.h">
      <Filter>Actor\PlayScene\UI</Filter>
    </ClInclude>
  </ItemGroup>
</Project>